
Microsoft Visual Studio Solution File, Format Version 12.00
# Visual Studio Version 16
VisualStudioVersion = 16.0.31515.178
MinimumVisualStudioVersion = 10.0.40219.1
Project("{FAE04EC0-301F-11D3-BF4B-00C04F79EFBC}") = "TiendaVirtual.Api", "TiendaVirtual.Api\TiendaVirtual.Api.csproj", "{6FD101D4-4751-4BDC-B6BE-82E40DEBE4C0}"
EndProject
Project("{9A19103F-16F7-4668-BE54-9A1E7A4F7556}") = "TiendaVirtual.Entidades", "TiendaVirtual.Entidades\TiendaVirtual.Entidades.csproj", "{E3B27B2B-D787-46F9-934C-741B9E839287}"
EndProject
Project("{FAE04EC0-301F-11D3-BF4B-00C04F79EFBC}") = "TiendaVirtual.Infraestructura", "TiendaVirtual.Infraestructura\TiendaVirtual.Infraestructura.csproj", "{8DE0480C-B7EC-42A5-B983-CDB63FC0A2A0}"
EndProject
Project("{9A19103F-16F7-4668-BE54-9A1E7A4F7556}") = "TiendaVirtual.Persistencia", "TiendaVirtual.Persistencia\TiendaVirtual.Persistencia.csproj", "{5C045407-638B-42F4-9516-903AB0451E19}"
EndProject
Global
	GlobalSection(SolutionConfigurationPlatforms) = preSolution
		Debug|Any CPU = Debug|Any CPU
		Release|Any CPU = Release|Any CPU
	EndGlobalSection
	GlobalSection(ProjectConfigurationPlatforms) = postSolution
		{6FD101D4-4751-4BDC-B6BE-82E40DEBE4C0}.Debug|Any CPU.ActiveCfg = Debug|Any CPU
		{6FD101D4-4751-4BDC-B6BE-82E40DEBE4C0}.Debug|Any CPU.Build.0 = Debug|Any CPU
		{6FD101D4-4751-4BDC-B6BE-82E40DEBE4C0}.Release|Any CPU.ActiveCfg = Release|Any CPU
		{6FD101D4-4751-4BDC-B6BE-82E40DEBE4C0}.Release|Any CPU.Build.0 = Release|Any CPU
		{E3B27B2B-D787-46F9-934C-741B9E839287}.Debug|Any CPU.ActiveCfg = Debug|Any CPU
		{E3B27B2B-D787-46F9-934C-741B9E839287}.Debug|Any CPU.Build.0 = Debug|Any CPU
		{E3B27B2B-D787-46F9-934C-741B9E839287}.Release|Any CPU.ActiveCfg = Release|Any CPU
		{E3B27B2B-D787-46F9-934C-741B9E839287}.Release|Any CPU.Build.0 = Release|Any CPU
		{8DE0480C-B7EC-42A5-B983-CDB63FC0A2A0}.Debug|Any CPU.ActiveCfg = Debug|Any CPU
		{8DE0480C-B7EC-42A5-B983-CDB63FC0A2A0}.Debug|Any CPU.Build.0 = Debug|Any CPU
		{8DE0480C-B7EC-42A5-B983-CDB63FC0A2A0}.Release|Any CPU.ActiveCfg = Release|Any CPU
		{8DE0480C-B7EC-42A5-B983-CDB63FC0A2A0}.Release|Any CPU.Build.0 = Release|Any CPU
		{5C045407-638B-42F4-9516-903AB0451E19}.Debug|Any CPU.ActiveCfg = Debug|Any CPU
		{5C045407-638B-42F4-9516-903AB0451E19}.Debug|Any CPU.Build.0 = Debug|Any CPU
		{5C045407-638B-42F4-9516-903AB0451E19}.Release|Any CPU.ActiveCfg = Release|Any CPU
		{5C045407-638B-42F4-9516-903AB0451E19}.Release|Any CPU.Build.0 = Release|Any CPU
	EndGlobalSection
	GlobalSection(SolutionProperties) = preSolution
		HideSolutionNode = FALSE
	EndGlobalSection
	GlobalSection(ExtensibilityGlobals) = postSolution
		SolutionGuid = {84114D7F-7FB5-4C68-BA81-6A4DDD0E1937}
	EndGlobalSection
EndGlobal
